
Microsoft Visual Studio Solution File, Format Version 12.00
# Visual Studio Version 16
VisualStudioVersion = 16.0.31729.503
MinimumVisualStudioVersion = 10.0.40219.1
Project("{9A19103F-16F7-4668-BE54-9A1E7A4F7556}") = "QT-Tify", "QT-Tify Code\QT-Tify.csproj", "{682F410F-11B7-48D1-8405-2C4B876C3224}"
EndProject
Global
	GlobalSection(SolutionConfigurationPlatforms) = preSolution
		Debug|Any CPU = Debug|Any CPU
		Release|Any CPU = Release|Any CPU
	EndGlobalSection
	GlobalSection(ProjectConfigurationPlatforms) = postSolution
		{682F410F-11B7-48D1-8405-2C4B876C3224}.Debug|Any CPU.ActiveCfg = Debug|Any CPU
		{682F410F-11B7-48D1-8405-2C4B876C3224}.Debug|Any CPU.Build.0 = Debug|Any CPU
		{682F410F-11B7-48D1-8405-2C4B876C3224}.Release|Any CPU.ActiveCfg = Release|Any CPU
		{682F410F-11B7-48D1-8405-2C4B876C3224}.Release|Any CPU.Build.0 = Release|Any CPU
	EndGlobalSection
	GlobalSection(SolutionProperties) = preSolution
		HideSolutionNode = FALSE
	EndGlobalSection
	GlobalSection(ExtensibilityGlobals) = postSolution
		SolutionGuid = {20F38825-84B2-4CE6-8F9E-737F741131C8}
	EndGlobalSection
EndGlobal
